
Microsoft Visual Studio Solution File, Format Version 12.00
# Visual Studio 15
VisualStudioVersion = 15.0.28307.1500
MinimumVisualStudioVersion = 10.0.40219.1
Project("{FAE04EC0-301F-11D3-BF4B-00C04F79EFBC}") = "WindowsFormsApp32", "WindowsFormsApp32\WindowsFormsApp32.csproj", "{0B61B674-E49D-49B0-9EF6-735E4F49DC5B}"
EndProject
Global
	GlobalSection(SolutionConfigurationPlatforms) = preSolution
		Debug|Any CPU = Debug|Any CPU
		Release|Any CPU = Release|Any CPU
	EndGlobalSection
	GlobalSection(ProjectConfigurationPlatforms) = postSolution
		{0B61B674-E49D-49B0-9EF6-735E4F49DC5B}.Debug|Any CPU.ActiveCfg = Debug|Any CPU
		{0B61B674-E49D-49B0-9EF6-735E4F49DC5B}.Debug|Any CPU.Build.0 = Debug|Any CPU
		{0B61B674-E49D-49B0-9EF6-735E4F49DC5B}.Release|Any CPU.ActiveCfg = Release|Any CPU
		{0B61B674-E49D-49B0-9EF6-735E4F49DC5B}.Release|Any CPU.Build.0 = Release|Any CPU
	EndGlobalSection
	GlobalSection(SolutionProperties) = preSolution
		HideSolutionNode = FALSE
	EndGlobalSection
	GlobalSection(ExtensibilityGlobals) = postSolution
		SolutionGuid = {885560D4-C986-4E01-A59A-9A2799B7BEE9}
	EndGlobalSection
EndGlobal
